
Microsoft Visual Studio Solution File, Format Version 12.00
# Visual Studio Version 17
VisualStudioVersion = 17.4.33205.214
MinimumVisualStudioVersion = 10.0.40219.1
Project("{FAE04EC0-301F-11D3-BF4B-00C04F79EFBC}") = "EnglishCompare.Con", "EnglishCompare.Con\EnglishCompare.Con.csproj", "{43E8C264-1AE6-46F8-B779-76EA5CBDF8B9}"
EndProject
Project("{FAE04EC0-301F-11D3-BF4B-00C04F79EFBC}") = "EnglishCompare.Con.Test", "EnglishCompare.Con.Test\EnglishCompare.Con.Test.csproj", "{6DDDBF10-505D-4B6E-AA35-3EAD4A71E6B2}"
EndProject
Global
	GlobalSection(SolutionConfigurationPlatforms) = preSolution
		Debug|Any CPU = Debug|Any CPU
		Release|Any CPU = Release|Any CPU
	EndGlobalSection
	GlobalSection(ProjectConfigurationPlatforms) = postSolution
		{43E8C264-1AE6-46F8-B779-76EA5CBDF8B9}.Debug|Any CPU.ActiveCfg = Debug|Any CPU
		{43E8C264-1AE6-46F8-B779-76EA5CBDF8B9}.Debug|Any CPU.Build.0 = Debug|Any CPU
		{43E8C264-1AE6-46F8-B779-76EA5CBDF8B9}.Release|Any CPU.ActiveCfg = Release|Any CPU
		{43E8C264-1AE6-46F8-B779-76EA5CBDF8B9}.Release|Any CPU.Build.0 = Release|Any CPU
		{6DDDBF10-505D-4B6E-AA35-3EAD4A71E6B2}.Debug|Any CPU.ActiveCfg = Debug|Any CPU
		{6DDDBF10-505D-4B6E-AA35-3EAD4A71E6B2}.Debug|Any CPU.Build.0 = Debug|Any CPU
		{6DDDBF10-505D-4B6E-AA35-3EAD4A71E6B2}.Release|Any CPU.ActiveCfg = Release|Any CPU
		{6DDDBF10-505D-4B6E-AA35-3EAD4A71E6B2}.Release|Any CPU.Build.0 = Release|Any CPU
	EndGlobalSection
	GlobalSection(SolutionProperties) = preSolution
		HideSolutionNode = FALSE
	EndGlobalSection
	GlobalSection(ExtensibilityGlobals) = postSolution
		SolutionGuid = {AC277667-5243-43E0-8421-FC396F4F02C4}
	EndGlobalSection
EndGlobal
